
Microsoft Visual Studio Solution File, Format Version 12.00
# Visual Studio Version 17
VisualStudioVersion = 17.6.33829.357
MinimumVisualStudioVersion = 10.0.40219.1
Project("{FAE04EC0-301F-11D3-BF4B-00C04F79EFBC}") = "registroClientes.API", "registroClientes.API.csproj", "{D7039A05-B7BD-41D5-B441-65A0A4382407}"
	ProjectSection(ProjectDependencies) = postProject
		{03DF21E5-34B4-4D38-BAC4-30712EBA485E} = {03DF21E5-34B4-4D38-BAC4-30712EBA485E}
		{8C82769C-5F03-4725-8CFB-B8FAC050EB55} = {8C82769C-5F03-4725-8CFB-B8FAC050EB55}
		{BC7CEDA3-BFCA-438B-A91D-4BD1779158E8} = {BC7CEDA3-BFCA-438B-A91D-4BD1779158E8}
	EndProjectSection
EndProject
Project("{E53339B2-1760-4266-BCC7-CA923CBCF16C}") = "docker-compose", "docker-compose.dcproj", "{8863F216-F2EC-468D-B11E-2D19575A459E}"
EndProject
Project("{FAE04EC0-301F-11D3-BF4B-00C04F79EFBC}") = "registroClientes.Application", "..\registroClientes.Application\registroClientes.Application.csproj", "{8C82769C-5F03-4725-8CFB-B8FAC050EB55}"
	ProjectSection(ProjectDependencies) = postProject
		{8DF7560D-A131-4B04-B55A-57FA3C30A6FC} = {8DF7560D-A131-4B04-B55A-57FA3C30A6FC}
	EndProjectSection
EndProject
Project("{FAE04EC0-301F-11D3-BF4B-00C04F79EFBC}") = "registroClientes.Domain", "..\registroClientes.Domain\registroClientes.Domain.csproj", "{8DF7560D-A131-4B04-B55A-57FA3C30A6FC}"
EndProject
Project("{FAE04EC0-301F-11D3-BF4B-00C04F79EFBC}") = "registroClientes.Domain.Tests", "..\registroClientes.Domain.Tests\registroClientes.Domain.Tests.csproj", "{5E184142-72A2-4320-934F-E5BB9CA5B25B}"
	ProjectSection(ProjectDependencies) = postProject
		{8DF7560D-A131-4B04-B55A-57FA3C30A6FC} = {8DF7560D-A131-4B04-B55A-57FA3C30A6FC}
	EndProjectSection
EndProject
Project("{FAE04EC0-301F-11D3-BF4B-00C04F79EFBC}") = "registroClientes.Infra.Data", "..\registroClientes.Infra.Data\registroClientes.Infra.Data.csproj", "{BC7CEDA3-BFCA-438B-A91D-4BD1779158E8}"
	ProjectSection(ProjectDependencies) = postProject
		{8DF7560D-A131-4B04-B55A-57FA3C30A6FC} = {8DF7560D-A131-4B04-B55A-57FA3C30A6FC}
	EndProjectSection
EndProject
Project("{FAE04EC0-301F-11D3-BF4B-00C04F79EFBC}") = "registroClientes.Infra.IoC", "..\registroClientes.Infra.IoC\registroClientes.Infra.IoC.csproj", "{03DF21E5-34B4-4D38-BAC4-30712EBA485E}"
	ProjectSection(ProjectDependencies) = postProject
		{8C82769C-5F03-4725-8CFB-B8FAC050EB55} = {8C82769C-5F03-4725-8CFB-B8FAC050EB55}
		{8DF7560D-A131-4B04-B55A-57FA3C30A6FC} = {8DF7560D-A131-4B04-B55A-57FA3C30A6FC}
		{BC7CEDA3-BFCA-438B-A91D-4BD1779158E8} = {BC7CEDA3-BFCA-438B-A91D-4BD1779158E8}
	EndProjectSection
EndProject
Global
	GlobalSection(SolutionConfigurationPlatforms) = preSolution
		Debug|Any CPU = Debug|Any CPU
		Release|Any CPU = Release|Any CPU
	EndGlobalSection
	GlobalSection(ProjectConfigurationPlatforms) = postSolution
		{D7039A05-B7BD-41D5-B441-65A0A4382407}.Debug|Any CPU.ActiveCfg = Debug|Any CPU
		{D7039A05-B7BD-41D5-B441-65A0A4382407}.Debug|Any CPU.Build.0 = Debug|Any CPU
		{D7039A05-B7BD-41D5-B441-65A0A4382407}.Release|Any CPU.ActiveCfg = Release|Any CPU
		{D7039A05-B7BD-41D5-B441-65A0A4382407}.Release|Any CPU.Build.0 = Release|Any CPU
		{8863F216-F2EC-468D-B11E-2D19575A459E}.Debug|Any CPU.ActiveCfg = Debug|Any CPU
		{8863F216-F2EC-468D-B11E-2D19575A459E}.Debug|Any CPU.Build.0 = Debug|Any CPU
		{8863F216-F2EC-468D-B11E-2D19575A459E}.Release|Any CPU.ActiveCfg = Release|Any CPU
		{8863F216-F2EC-468D-B11E-2D19575A459E}.Release|Any CPU.Build.0 = Release|Any CPU
		{8C82769C-5F03-4725-8CFB-B8FAC050EB55}.Debug|Any CPU.ActiveCfg = Debug|Any CPU
		{8C82769C-5F03-4725-8CFB-B8FAC050EB55}.Debug|Any CPU.Build.0 = Debug|Any CPU
		{8C82769C-5F03-4725-8CFB-B8FAC050EB55}.Release|Any CPU.ActiveCfg = Release|Any CPU
		{8C82769C-5F03-4725-8CFB-B8FAC050EB55}.Release|Any CPU.Build.0 = Release|Any CPU
		{8DF7560D-A131-4B04-B55A-57FA3C30A6FC}.Debug|Any CPU.ActiveCfg = Debug|Any CPU
		{8DF7560D-A131-4B04-B55A-57FA3C30A6FC}.Debug|Any CPU.Build.0 = Debug|Any CPU
		{8DF7560D-A131-4B04-B55A-57FA3C30A6FC}.Release|Any CPU.ActiveCfg = Release|Any CPU
		{8DF7560D-A131-4B04-B55A-57FA3C30A6FC}.Release|Any CPU.Build.0 = Release|Any CPU
		{5E184142-72A2-4320-934F-E5BB9CA5B25B}.Debug|Any CPU.ActiveCfg = Debug|Any CPU
		{5E184142-72A2-4320-934F-E5BB9CA5B25B}.Debug|Any CPU.Build.0 = Debug|Any CPU
		{5E184142-72A2-4320-934F-E5BB9CA5B25B}.Release|Any CPU.ActiveCfg = Release|Any CPU
		{5E184142-72A2-4320-934F-E5BB9CA5B25B}.Release|Any CPU.Build.0 = Release|Any CPU
		{BC7CEDA3-BFCA-438B-A91D-4BD1779158E8}.Debug|Any CPU.ActiveCfg = Debug|Any CPU
		{BC7CEDA3-BFCA-438B-A91D-4BD1779158E8}.Debug|Any CPU.Build.0 = Debug|Any CPU
		{BC7CEDA3-BFCA-438B-A91D-4BD1779158E8}.Release|Any CPU.ActiveCfg = Release|Any CPU
		{BC7CEDA3-BFCA-438B-A91D-4BD1779158E8}.Release|Any CPU.Build.0 = Release|Any CPU
		{03DF21E5-34B4-4D38-BAC4-30712EBA485E}.Debug|Any CPU.ActiveCfg = Debug|Any CPU
		{03DF21E5-34B4-4D38-BAC4-30712EBA485E}.Debug|Any CPU.Build.0 = Debug|Any CPU
		{03DF21E5-34B4-4D38-BAC4-30712EBA485E}.Release|Any CPU.ActiveCfg = Release|Any CPU
		{03DF21E5-34B4-4D38-BAC4-30712EBA485E}.Release|Any CPU.Build.0 = Release|Any CPU
	EndGlobalSection
	GlobalSection(SolutionProperties) = preSolution
		HideSolutionNode = FALSE
	EndGlobalSection
	GlobalSection(ExtensibilityGlobals) = postSolution
		SolutionGuid = {3AC91C67-D9BF-452D-AEA1-4C6F8C9A867C}
	EndGlobalSection
EndGlobal
